
Microsoft Visual Studio Solution File, Format Version 12.00
Project("{2150E333-8FDC-42A3-9474-1A3956D46DE8}") = "ComplaintsAPI", "ComplaintsAPI", "{74AEC28A-0883-4D2E-B888-887F288F9440}"
EndProject
Project("{2150E333-8FDC-42A3-9474-1A3956D46DE8}") = "DigitalHubAPI", "DigitalHubAPI", "{8771852B-010A-46CE-A0D3-688CD03AC41A}"
EndProject
Project("{2150E333-8FDC-42A3-9474-1A3956D46DE8}") = "DeliveriesAPI", "DeliveriesAPI", "{90DADE44-81C8-4166-BDFB-B0454AEA2EFE}"
EndProject
Project("{FAE04EC0-301F-11D3-BF4B-00C04F79EFBC}") = "CondoGenius-Complaints-API", "CondoGenius-Complaints-API\CondoGenius-Complaints-API.csproj", "{EC305A27-4E3E-40F3-82C1-8730E6EC4FE1}"
EndProject
Project("{FAE04EC0-301F-11D3-BF4B-00C04F79EFBC}") = "CondoGenius-Deliveries-API", "CondoGenius-Deliveries-API\CondoGenius-Deliveries-API.csproj", "{5D6C92DF-3AE5-4897-A9A0-20721AEBED1D}"
EndProject
Project("{FAE04EC0-301F-11D3-BF4B-00C04F79EFBC}") = "CondoGenius-DigitalHub-API", "CondoGenius-DigitalHub-API\CondoGenius-DigitalHub-API.csproj", "{78BB7B18-D477-421B-A55E-B97B776C90D2}"
EndProject
Project("{2150E333-8FDC-42A3-9474-1A3956D46DE8}") = "ReservationsAPI", "ReservationsAPI", "{BA3346B2-FACD-49A9-96E8-1CA3B12B0D41}"
EndProject
Project("{2150E333-8FDC-42A3-9474-1A3956D46DE8}") = "ChecksAPI", "ChecksAPI", "{CB37D2BE-1686-46D2-9E53-2EADB34B9DD7}"
EndProject
Project("{FAE04EC0-301F-11D3-BF4B-00C04F79EFBC}") = "CondoGenius-Checks-API", "CondoGenius-Checks-API\CondoGenius-Checks-API.csproj", "{E97D330A-67B1-4958-9874-DD33F952B0BB}"
EndProject
Project("{FAE04EC0-301F-11D3-BF4B-00C04F79EFBC}") = "CondoGenius-Reservations-API", "CondoGenius-Reservations-API\CondoGenius-Reservations-API.csproj", "{6B38313D-5C50-4D80-B4CA-02B3D4B0273D}"
EndProject
Project("{2150E333-8FDC-42A3-9474-1A3956D46DE8}") = "Global", "Global", "{98C765B7-FED8-4A8B-9E16-C7F9264E104A}"
EndProject
Project("{FAE04EC0-301F-11D3-BF4B-00C04F79EFBC}") = "Global.Shared", "Global.Shared\Global.Shared.csproj", "{CC1A3144-803F-4F21-81D3-AF8056BF51F1}"
EndProject
Project("{FAE04EC0-301F-11D3-BF4B-00C04F79EFBC}") = "CondoGenius-Checks-Domain", "CondoGenius-Checks-Domain\CondoGenius-Checks-Domain.csproj", "{126EB545-9C21-454E-ADEF-4714D782F103}"
EndProject
Project("{FAE04EC0-301F-11D3-BF4B-00C04F79EFBC}") = "CondoGenius-Checks-Infra", "CondoGenius-Checks-Infra\CondoGenius-Checks-Infra.csproj", "{9C2AB98E-5A33-4C16-B33A-70B56A4289FC}"
EndProject
Project("{FAE04EC0-301F-11D3-BF4B-00C04F79EFBC}") = "CondoGenius-Complaints-Domain", "CondoGenius-Complaints-Domain\CondoGenius-Complaints-Domain.csproj", "{29FB0E3D-053A-459B-9450-203FC9569463}"
EndProject
Project("{FAE04EC0-301F-11D3-BF4B-00C04F79EFBC}") = "CondoGenius-Complaints-Infra", "CondoGenius-Complaints-Infra\CondoGenius-Complaints-Infra.csproj", "{000ED61F-A767-4ED1-A5A5-FB72DFB7D695}"
EndProject
Project("{FAE04EC0-301F-11D3-BF4B-00C04F79EFBC}") = "CondoGenius-Deliveries-Domain", "CondoGenius-Deliveries-Domain\CondoGenius-Deliveries-Domain.csproj", "{40DF0233-70C2-45F1-AFB8-0A1C4F9DCAA2}"
EndProject
Project("{FAE04EC0-301F-11D3-BF4B-00C04F79EFBC}") = "CondoGenius-Deliveries-Infra", "CondoGenius-Deliveries-Infra\CondoGenius-Deliveries-Infra.csproj", "{3EAD6D45-86D8-41A4-8337-E292449A2AAD}"
EndProject
Project("{FAE04EC0-301F-11D3-BF4B-00C04F79EFBC}") = "CondoGenius-DigitalHub-Domain", "CondoGenius-DigitalHub-Domain\CondoGenius-DigitalHub-Domain.csproj", "{00611FAF-F139-45EE-BC6A-FCE0F90A0542}"
EndProject
Project("{FAE04EC0-301F-11D3-BF4B-00C04F79EFBC}") = "CondoGenius-DigitalHub-Infra", "CondoGenius-DigitalHub-Infra\CondoGenius-DigitalHub-Infra.csproj", "{4424EF7A-C5C9-4442-9405-A2617AA5D6C5}"
EndProject
Project("{FAE04EC0-301F-11D3-BF4B-00C04F79EFBC}") = "CondoGenius-Reservations-Domain", "CondoGenius-Reservations-Domain\CondoGenius-Reservations-Domain.csproj", "{C6AB6F9D-B1CD-4893-8F7F-E3CC01726CDB}"
EndProject
Project("{FAE04EC0-301F-11D3-BF4B-00C04F79EFBC}") = "CondoGenius-Reservations-Infra", "CondoGenius-Reservations-Infra\CondoGenius-Reservations-Infra.csproj", "{59562E57-E99E-442E-9740-388D018BF60D}"
EndProject
Project("{2150E333-8FDC-42A3-9474-1A3956D46DE8}") = "Firebase", "Firebase", "{E9019F43-CE8C-4894-B213-29CD54377AB8}"
EndProject
Project("{FAE04EC0-301F-11D3-BF4B-00C04F79EFBC}") = "CondoGenius-Firebase", "CondoGenius-Firebase\CondoGenius-Firebase.csproj", "{18EE38C5-B282-426C-ACBF-D43CFF780AB9}"
EndProject
Global
	GlobalSection(SolutionConfigurationPlatforms) = preSolution
		Debug|Any CPU = Debug|Any CPU
		Release|Any CPU = Release|Any CPU
	EndGlobalSection
	GlobalSection(ProjectConfigurationPlatforms) = postSolution
		{EC305A27-4E3E-40F3-82C1-8730E6EC4FE1}.Debug|Any CPU.ActiveCfg = Debug|Any CPU
		{EC305A27-4E3E-40F3-82C1-8730E6EC4FE1}.Debug|Any CPU.Build.0 = Debug|Any CPU
		{EC305A27-4E3E-40F3-82C1-8730E6EC4FE1}.Release|Any CPU.ActiveCfg = Release|Any CPU
		{EC305A27-4E3E-40F3-82C1-8730E6EC4FE1}.Release|Any CPU.Build.0 = Release|Any CPU
		{5D6C92DF-3AE5-4897-A9A0-20721AEBED1D}.Debug|Any CPU.ActiveCfg = Debug|Any CPU
		{5D6C92DF-3AE5-4897-A9A0-20721AEBED1D}.Debug|Any CPU.Build.0 = Debug|Any CPU
		{5D6C92DF-3AE5-4897-A9A0-20721AEBED1D}.Release|Any CPU.ActiveCfg = Release|Any CPU
		{5D6C92DF-3AE5-4897-A9A0-20721AEBED1D}.Release|Any CPU.Build.0 = Release|Any CPU
		{78BB7B18-D477-421B-A55E-B97B776C90D2}.Debug|Any CPU.ActiveCfg = Debug|Any CPU
		{78BB7B18-D477-421B-A55E-B97B776C90D2}.Debug|Any CPU.Build.0 = Debug|Any CPU
		{78BB7B18-D477-421B-A55E-B97B776C90D2}.Release|Any CPU.ActiveCfg = Release|Any CPU
		{78BB7B18-D477-421B-A55E-B97B776C90D2}.Release|Any CPU.Build.0 = Release|Any CPU
		{E97D330A-67B1-4958-9874-DD33F952B0BB}.Debug|Any CPU.ActiveCfg = Debug|Any CPU
		{E97D330A-67B1-4958-9874-DD33F952B0BB}.Debug|Any CPU.Build.0 = Debug|Any CPU
		{E97D330A-67B1-4958-9874-DD33F952B0BB}.Release|Any CPU.ActiveCfg = Release|Any CPU
		{E97D330A-67B1-4958-9874-DD33F952B0BB}.Release|Any CPU.Build.0 = Release|Any CPU
		{6B38313D-5C50-4D80-B4CA-02B3D4B0273D}.Debug|Any CPU.ActiveCfg = Debug|Any CPU
		{6B38313D-5C50-4D80-B4CA-02B3D4B0273D}.Debug|Any CPU.Build.0 = Debug|Any CPU
		{6B38313D-5C50-4D80-B4CA-02B3D4B0273D}.Release|Any CPU.ActiveCfg = Release|Any CPU
		{6B38313D-5C50-4D80-B4CA-02B3D4B0273D}.Release|Any CPU.Build.0 = Release|Any CPU
		{CC1A3144-803F-4F21-81D3-AF8056BF51F1}.Debug|Any CPU.ActiveCfg = Debug|Any CPU
		{CC1A3144-803F-4F21-81D3-AF8056BF51F1}.Debug|Any CPU.Build.0 = Debug|Any CPU
		{CC1A3144-803F-4F21-81D3-AF8056BF51F1}.Release|Any CPU.ActiveCfg = Release|Any CPU
		{CC1A3144-803F-4F21-81D3-AF8056BF51F1}.Release|Any CPU.Build.0 = Release|Any CPU
		{126EB545-9C21-454E-ADEF-4714D782F103}.Debug|Any CPU.ActiveCfg = Debug|Any CPU
		{126EB545-9C21-454E-ADEF-4714D782F103}.Debug|Any CPU.Build.0 = Debug|Any CPU
		{126EB545-9C21-454E-ADEF-4714D782F103}.Release|Any CPU.ActiveCfg = Release|Any CPU
		{126EB545-9C21-454E-ADEF-4714D782F103}.Release|Any CPU.Build.0 = Release|Any CPU
		{9C2AB98E-5A33-4C16-B33A-70B56A4289FC}.Debug|Any CPU.ActiveCfg = Debug|Any CPU
		{9C2AB98E-5A33-4C16-B33A-70B56A4289FC}.Debug|Any CPU.Build.0 = Debug|Any CPU
		{9C2AB98E-5A33-4C16-B33A-70B56A4289FC}.Release|Any CPU.ActiveCfg = Release|Any CPU
		{9C2AB98E-5A33-4C16-B33A-70B56A4289FC}.Release|Any CPU.Build.0 = Release|Any CPU
		{29FB0E3D-053A-459B-9450-203FC9569463}.Debug|Any CPU.ActiveCfg = Debug|Any CPU
		{29FB0E3D-053A-459B-9450-203FC9569463}.Debug|Any CPU.Build.0 = Debug|Any CPU
		{29FB0E3D-053A-459B-9450-203FC9569463}.Release|Any CPU.ActiveCfg = Release|Any CPU
		{29FB0E3D-053A-459B-9450-203FC9569463}.Release|Any CPU.Build.0 = Release|Any CPU
		{000ED61F-A767-4ED1-A5A5-FB72DFB7D695}.Debug|Any CPU.ActiveCfg = Debug|Any CPU
		{000ED61F-A767-4ED1-A5A5-FB72DFB7D695}.Debug|Any CPU.Build.0 = Debug|Any CPU
		{000ED61F-A767-4ED1-A5A5-FB72DFB7D695}.Release|Any CPU.ActiveCfg = Release|Any CPU
		{000ED61F-A767-4ED1-A5A5-FB72DFB7D695}.Release|Any CPU.Build.0 = Release|Any CPU
		{40DF0233-70C2-45F1-AFB8-0A1C4F9DCAA2}.Debug|Any CPU.ActiveCfg = Debug|Any CPU
		{40DF0233-70C2-45F1-AFB8-0A1C4F9DCAA2}.Debug|Any CPU.Build.0 = Debug|Any CPU
		{40DF0233-70C2-45F1-AFB8-0A1C4F9DCAA2}.Release|Any CPU.ActiveCfg = Release|Any CPU
		{40DF0233-70C2-45F1-AFB8-0A1C4F9DCAA2}.Release|Any CPU.Build.0 = Release|Any CPU
		{3EAD6D45-86D8-41A4-8337-E292449A2AAD}.Debug|Any CPU.ActiveCfg = Debug|Any CPU
		{3EAD6D45-86D8-41A4-8337-E292449A2AAD}.Debug|Any CPU.Build.0 = Debug|Any CPU
		{3EAD6D45-86D8-41A4-8337-E292449A2AAD}.Release|Any CPU.ActiveCfg = Release|Any CPU
		{3EAD6D45-86D8-41A4-8337-E292449A2AAD}.Release|Any CPU.Build.0 = Release|Any CPU
		{00611FAF-F139-45EE-BC6A-FCE0F90A0542}.Debug|Any CPU.ActiveCfg = Debug|Any CPU
		{00611FAF-F139-45EE-BC6A-FCE0F90A0542}.Debug|Any CPU.Build.0 = Debug|Any CPU
		{00611FAF-F139-45EE-BC6A-FCE0F90A0542}.Release|Any CPU.ActiveCfg = Release|Any CPU
		{00611FAF-F139-45EE-BC6A-FCE0F90A0542}.Release|Any CPU.Build.0 = Release|Any CPU
		{4424EF7A-C5C9-4442-9405-A2617AA5D6C5}.Debug|Any CPU.ActiveCfg = Debug|Any CPU
		{4424EF7A-C5C9-4442-9405-A2617AA5D6C5}.Debug|Any CPU.Build.0 = Debug|Any CPU
		{4424EF7A-C5C9-4442-9405-A2617AA5D6C5}.Release|Any CPU.ActiveCfg = Release|Any CPU
		{4424EF7A-C5C9-4442-9405-A2617AA5D6C5}.Release|Any CPU.Build.0 = Release|Any CPU
		{C6AB6F9D-B1CD-4893-8F7F-E3CC01726CDB}.Debug|Any CPU.ActiveCfg = Debug|Any CPU
		{C6AB6F9D-B1CD-4893-8F7F-E3CC01726CDB}.Debug|Any CPU.Build.0 = Debug|Any CPU
		{C6AB6F9D-B1CD-4893-8F7F-E3CC01726CDB}.Release|Any CPU.ActiveCfg = Release|Any CPU
		{C6AB6F9D-B1CD-4893-8F7F-E3CC01726CDB}.Release|Any CPU.Build.0 = Release|Any CPU
		{59562E57-E99E-442E-9740-388D018BF60D}.Debug|Any CPU.ActiveCfg = Debug|Any CPU
		{59562E57-E99E-442E-9740-388D018BF60D}.Debug|Any CPU.Build.0 = Debug|Any CPU
		{59562E57-E99E-442E-9740-388D018BF60D}.Release|Any CPU.ActiveCfg = Release|Any CPU
		{59562E57-E99E-442E-9740-388D018BF60D}.Release|Any CPU.Build.0 = Release|Any CPU
		{18EE38C5-B282-426C-ACBF-D43CFF780AB9}.Debug|Any CPU.ActiveCfg = Debug|Any CPU
		{18EE38C5-B282-426C-ACBF-D43CFF780AB9}.Debug|Any CPU.Build.0 = Debug|Any CPU
		{18EE38C5-B282-426C-ACBF-D43CFF780AB9}.Release|Any CPU.ActiveCfg = Release|Any CPU
		{18EE38C5-B282-426C-ACBF-D43CFF780AB9}.Release|Any CPU.Build.0 = Release|Any CPU
	EndGlobalSection
	GlobalSection(NestedProjects) = preSolution
		{EC305A27-4E3E-40F3-82C1-8730E6EC4FE1} = {74AEC28A-0883-4D2E-B888-887F288F9440}
		{5D6C92DF-3AE5-4897-A9A0-20721AEBED1D} = {90DADE44-81C8-4166-BDFB-B0454AEA2EFE}
		{78BB7B18-D477-421B-A55E-B97B776C90D2} = {8771852B-010A-46CE-A0D3-688CD03AC41A}
		{E97D330A-67B1-4958-9874-DD33F952B0BB} = {CB37D2BE-1686-46D2-9E53-2EADB34B9DD7}
		{6B38313D-5C50-4D80-B4CA-02B3D4B0273D} = {BA3346B2-FACD-49A9-96E8-1CA3B12B0D41}
		{CC1A3144-803F-4F21-81D3-AF8056BF51F1} = {98C765B7-FED8-4A8B-9E16-C7F9264E104A}
		{126EB545-9C21-454E-ADEF-4714D782F103} = {CB37D2BE-1686-46D2-9E53-2EADB34B9DD7}
		{9C2AB98E-5A33-4C16-B33A-70B56A4289FC} = {CB37D2BE-1686-46D2-9E53-2EADB34B9DD7}
		{29FB0E3D-053A-459B-9450-203FC9569463} = {74AEC28A-0883-4D2E-B888-887F288F9440}
		{000ED61F-A767-4ED1-A5A5-FB72DFB7D695} = {74AEC28A-0883-4D2E-B888-887F288F9440}
		{40DF0233-70C2-45F1-AFB8-0A1C4F9DCAA2} = {90DADE44-81C8-4166-BDFB-B0454AEA2EFE}
		{3EAD6D45-86D8-41A4-8337-E292449A2AAD} = {90DADE44-81C8-4166-BDFB-B0454AEA2EFE}
		{00611FAF-F139-45EE-BC6A-FCE0F90A0542} = {8771852B-010A-46CE-A0D3-688CD03AC41A}
		{4424EF7A-C5C9-4442-9405-A2617AA5D6C5} = {8771852B-010A-46CE-A0D3-688CD03AC41A}
		{C6AB6F9D-B1CD-4893-8F7F-E3CC01726CDB} = {BA3346B2-FACD-49A9-96E8-1CA3B12B0D41}
		{59562E57-E99E-442E-9740-388D018BF60D} = {BA3346B2-FACD-49A9-96E8-1CA3B12B0D41}
		{18EE38C5-B282-426C-ACBF-D43CFF780AB9} = {E9019F43-CE8C-4894-B213-29CD54377AB8}
	EndGlobalSection
EndGlobal
