
Microsoft Visual Studio Solution File, Format Version 12.00
Project("{FAE04EC0-301F-11D3-BF4B-00C04F79EFBC}") = "CondoGenius-API-Gateway", "CondoGenius-API-Gateway\CondoGenius-API-Gateway.csproj", "{6A096D0F-C7E6-47C3-9F88-D4C75152165D}"
EndProject
Project("{2150E333-8FDC-42A3-9474-1A3956D46DE8}") = "APIGateway", "APIGateway", "{3EA0FEF9-D8F5-4C18-8714-45933A8A28A1}"
EndProject
Project("{2150E333-8FDC-42A3-9474-1A3956D46DE8}") = "ComplaintsAPI", "ComplaintsAPI", "{74AEC28A-0883-4D2E-B888-887F288F9440}"
EndProject
Project("{2150E333-8FDC-42A3-9474-1A3956D46DE8}") = "DigitalHubAPI", "DigitalHubAPI", "{8771852B-010A-46CE-A0D3-688CD03AC41A}"
EndProject
Project("{2150E333-8FDC-42A3-9474-1A3956D46DE8}") = "DeliveriesAPI", "DeliveriesAPI", "{90DADE44-81C8-4166-BDFB-B0454AEA2EFE}"
EndProject
Project("{FAE04EC0-301F-11D3-BF4B-00C04F79EFBC}") = "CondoGenius-Complaints-API", "CondoGenius-Complaints-API\CondoGenius-Complaints-API.csproj", "{EC305A27-4E3E-40F3-82C1-8730E6EC4FE1}"
EndProject
Project("{FAE04EC0-301F-11D3-BF4B-00C04F79EFBC}") = "CondoGenius-Deliveries-API", "CondoGenius-Deliveries-API\CondoGenius-Deliveries-API.csproj", "{5D6C92DF-3AE5-4897-A9A0-20721AEBED1D}"
EndProject
Project("{FAE04EC0-301F-11D3-BF4B-00C04F79EFBC}") = "CondoGenius-DigitalHub-API", "CondoGenius-DigitalHub-API\CondoGenius-DigitalHub-API.csproj", "{78BB7B18-D477-421B-A55E-B97B776C90D2}"
EndProject
Project("{2150E333-8FDC-42A3-9474-1A3956D46DE8}") = "ReservationsAPI", "ReservationsAPI", "{BA3346B2-FACD-49A9-96E8-1CA3B12B0D41}"
EndProject
Project("{2150E333-8FDC-42A3-9474-1A3956D46DE8}") = "ChecksAPI", "ChecksAPI", "{CB37D2BE-1686-46D2-9E53-2EADB34B9DD7}"
EndProject
Project("{FAE04EC0-301F-11D3-BF4B-00C04F79EFBC}") = "CondoGenius-Checks-API", "CondoGenius-Checks-API\CondoGenius-Checks-API.csproj", "{E97D330A-67B1-4958-9874-DD33F952B0BB}"
EndProject
Project("{FAE04EC0-301F-11D3-BF4B-00C04F79EFBC}") = "CondoGenius-Reservations-API", "CondoGenius-Reservations-API\CondoGenius-Reservations-API.csproj", "{6B38313D-5C50-4D80-B4CA-02B3D4B0273D}"
EndProject
Global
	GlobalSection(SolutionConfigurationPlatforms) = preSolution
		Debug|Any CPU = Debug|Any CPU
		Release|Any CPU = Release|Any CPU
	EndGlobalSection
	GlobalSection(ProjectConfigurationPlatforms) = postSolution
		{6A096D0F-C7E6-47C3-9F88-D4C75152165D}.Debug|Any CPU.ActiveCfg = Debug|Any CPU
		{6A096D0F-C7E6-47C3-9F88-D4C75152165D}.Debug|Any CPU.Build.0 = Debug|Any CPU
		{6A096D0F-C7E6-47C3-9F88-D4C75152165D}.Release|Any CPU.ActiveCfg = Release|Any CPU
		{6A096D0F-C7E6-47C3-9F88-D4C75152165D}.Release|Any CPU.Build.0 = Release|Any CPU
		{EC305A27-4E3E-40F3-82C1-8730E6EC4FE1}.Debug|Any CPU.ActiveCfg = Debug|Any CPU
		{EC305A27-4E3E-40F3-82C1-8730E6EC4FE1}.Debug|Any CPU.Build.0 = Debug|Any CPU
		{EC305A27-4E3E-40F3-82C1-8730E6EC4FE1}.Release|Any CPU.ActiveCfg = Release|Any CPU
		{EC305A27-4E3E-40F3-82C1-8730E6EC4FE1}.Release|Any CPU.Build.0 = Release|Any CPU
		{5D6C92DF-3AE5-4897-A9A0-20721AEBED1D}.Debug|Any CPU.ActiveCfg = Debug|Any CPU
		{5D6C92DF-3AE5-4897-A9A0-20721AEBED1D}.Debug|Any CPU.Build.0 = Debug|Any CPU
		{5D6C92DF-3AE5-4897-A9A0-20721AEBED1D}.Release|Any CPU.ActiveCfg = Release|Any CPU
		{5D6C92DF-3AE5-4897-A9A0-20721AEBED1D}.Release|Any CPU.Build.0 = Release|Any CPU
		{78BB7B18-D477-421B-A55E-B97B776C90D2}.Debug|Any CPU.ActiveCfg = Debug|Any CPU
		{78BB7B18-D477-421B-A55E-B97B776C90D2}.Debug|Any CPU.Build.0 = Debug|Any CPU
		{78BB7B18-D477-421B-A55E-B97B776C90D2}.Release|Any CPU.ActiveCfg = Release|Any CPU
		{78BB7B18-D477-421B-A55E-B97B776C90D2}.Release|Any CPU.Build.0 = Release|Any CPU
		{E97D330A-67B1-4958-9874-DD33F952B0BB}.Debug|Any CPU.ActiveCfg = Debug|Any CPU
		{E97D330A-67B1-4958-9874-DD33F952B0BB}.Debug|Any CPU.Build.0 = Debug|Any CPU
		{E97D330A-67B1-4958-9874-DD33F952B0BB}.Release|Any CPU.ActiveCfg = Release|Any CPU
		{E97D330A-67B1-4958-9874-DD33F952B0BB}.Release|Any CPU.Build.0 = Release|Any CPU
		{6B38313D-5C50-4D80-B4CA-02B3D4B0273D}.Debug|Any CPU.ActiveCfg = Debug|Any CPU
		{6B38313D-5C50-4D80-B4CA-02B3D4B0273D}.Debug|Any CPU.Build.0 = Debug|Any CPU
		{6B38313D-5C50-4D80-B4CA-02B3D4B0273D}.Release|Any CPU.ActiveCfg = Release|Any CPU
		{6B38313D-5C50-4D80-B4CA-02B3D4B0273D}.Release|Any CPU.Build.0 = Release|Any CPU
	EndGlobalSection
	GlobalSection(NestedProjects) = preSolution
		{6A096D0F-C7E6-47C3-9F88-D4C75152165D} = {3EA0FEF9-D8F5-4C18-8714-45933A8A28A1}
		{EC305A27-4E3E-40F3-82C1-8730E6EC4FE1} = {74AEC28A-0883-4D2E-B888-887F288F9440}
		{5D6C92DF-3AE5-4897-A9A0-20721AEBED1D} = {90DADE44-81C8-4166-BDFB-B0454AEA2EFE}
		{78BB7B18-D477-421B-A55E-B97B776C90D2} = {8771852B-010A-46CE-A0D3-688CD03AC41A}
		{E97D330A-67B1-4958-9874-DD33F952B0BB} = {CB37D2BE-1686-46D2-9E53-2EADB34B9DD7}
		{6B38313D-5C50-4D80-B4CA-02B3D4B0273D} = {BA3346B2-FACD-49A9-96E8-1CA3B12B0D41}
	EndGlobalSection
EndGlobal
